<?xml version="1.0" encoding="utf-8"?>
<Project ToolsVersion="4.0" xmlns="http://schemas.microsoft.com/developer/msbuild/2003">
  <ItemGroup>
    <Filter Include="Source Files">
      <UniqueIdentifier>{4FC737F1-C7A5-4376-A066-2A32D752A2FF}</UniqueIdentifier>
      <Extensions>cpp;c;cc;cxx;c++;cppm;ixx;def;odl;idl;hpj;bat;asm;asmx</Extensions>
    </Filter>
    <Filter Include="Header Files">
      <UniqueIdentifier>{93995380-89BD-4b04-88EB-625FBE52EBFB}</UniqueIdentifier>
      <Extensions>h;hh;hpp;hxx;h++;hm;inl;inc;ipp;xsd</Extensions>
    </Filter>
    <Filter Include="Resource Files">
      <UniqueIdentifier>{67DA6AB6-F800-4c08-8B7A-83BB121AAD01}</UniqueIdentifier>
      <Extensions>rc;ico;cur;bmp;dlg;rc2;rct;bin;rgs;gif;jpg;jpeg;jpe;resx;tiff;tif;png;wav;mfcribbon-ms</Extensions>
    </Filter>
    <Filter Include="Resource Files\space assets">
      <UniqueIdentifier>{67c2999f-c2a2-4d28-8948-05022c2c5d80}</UniqueIdentifier>
    </Filter>
    <Filter Include="Resource Files\space assets\background">
      <UniqueIdentifier>{46dcd1f4-ad99-435b-a7ac-dab109d87cf2}</UniqueIdentifier>
    </Filter>
    <Filter Include="Resource Files\space assets\space ship">
      <UniqueIdentifier>{061068cd-de15-47c9-b88e-7279bffb48d5}</UniqueIdentifier>
    </Filter>
    <Filter Include="Resource Files\space assets\space ship\idle">
      <UniqueIdentifier>{025409fd-8607-436e-8495-d10a6d0c8d8a}</UniqueIdentifier>
    </Filter>
    <Filter Include="Resource Files\space assets\space ship\powering">
      <UniqueIdentifier>{ffce6515-74cd-4089-b414-61d5e7af0765}</UniqueIdentifier>
    </Filter>
    <Filter Include="Resource Files\dep">
      <UniqueIdentifier>{6535dfa6-85d3-4349-9dac-9e7244aaed19}</UniqueIdentifier>
    </Filter>
    <Filter Include="Entities">
      <UniqueIdentifier>{2bfa8534-01d9-4af3-8b23-bc251428709f}</UniqueIdentifier>
    </Filter>
    <Filter Include="Entities\SpaceShipPlayer">
      <UniqueIdentifier>{9aa8d353-5664-4077-bb40-63a3d8e6777d}</UniqueIdentifier>
    </Filter>
    <Filter Include="Scripts">
      <UniqueIdentifier>{22fcbdd1-3ca2-4fef-ac29-d9407788e9af}</UniqueIdentifier>
    </Filter>
    <Filter Include="Scripts\Animation">
      <UniqueIdentifier>{f68827f9-c304-4182-a470-f2c9a8bba444}</UniqueIdentifier>
    </Filter>
    <Filter Include="Scripts\Input">
      <UniqueIdentifier>{9761f75d-3f6f-4c5f-a808-f2d063bdd2f4}</UniqueIdentifier>
    </Filter>
    <Filter Include="Resource Files\space assets\space ship\projectile">
      <UniqueIdentifier>{4093eeeb-c94a-4f03-ad92-3124870a5127}</UniqueIdentifier>
    </Filter>
    <Filter Include="Entities\ProjectilePlayer">
      <UniqueIdentifier>{80c5be4c-4cd8-46a6-b3c4-cd8ef2f29f08}</UniqueIdentifier>
    </Filter>
    <Filter Include="Entities\Enemy1">
      <UniqueIdentifier>{3bbae13c-4346-4cfb-9006-25411d4d21cf}</UniqueIdentifier>
    </Filter>
    <Filter Include="Resource Files\space assets\enemy1">
      <UniqueIdentifier>{19d6e185-9e22-4deb-8d59-1ab8bd7fdf6e}</UniqueIdentifier>
    </Filter>
  </ItemGroup>
  <ItemGroup>
    <ClCompile Include="main.cpp">
      <Filter>Source Files</Filter>
    </ClCompile>
  </ItemGroup>
  <ItemGroup>
    <Media Include="..\..\res\as it was.wav">
      <Filter>Resource Files</Filter>
    </Media>
    <Media Include="..\..\res\cinema.wav">
      <Filter>Resource Files</Filter>
    </Media>
    <Media Include="..\..\res\daydreaming.wav">
      <Filter>Resource Files</Filter>
    </Media>
    <Media Include="..\..\res\rec2.mp3">
      <Filter>Resource Files</Filter>
    </Media>
    <Media Include="..\..\res\rec1.mp3">
      <Filter>Resource Files</Filter>
    </Media>
  </ItemGroup>
  <ItemGroup>
    <ClInclude Include="MusicSystem.hpp">
      <Filter>Header Files</Filter>
    </ClInclude>
    <ClInclude Include="BackgroundManager_Horizontal.hpp">
      <Filter>Header Files</Filter>
    </ClInclude>
    <ClInclude Include="BackgroundManager_Vertical.hpp">
      <Filter>Header Files</Filter>
    </ClInclude>
    <ClInclude Include="Definitions.hpp">
      <Filter>Header Files</Filter>
    </ClInclude>
    <ClInclude Include="Component.hpp">
      <Filter>Header Files</Filter>
    </ClInclude>
    <ClInclude Include="Entity.hpp">
      <Filter>Header Files</Filter>
    </ClInclude>
    <ClInclude Include="Scene.hpp">
      <Filter>Header Files</Filter>
    </ClInclude>
    <ClInclude Include="TransformComponent.hpp">
      <Filter>Header Files</Filter>
    </ClInclude>
    <ClInclude Include="SpriteComponent.hpp">
      <Filter>Header Files</Filter>
    </ClInclude>
    <ClInclude Include="AnimationComponent.hpp">
      <Filter>Header Files</Filter>
    </ClInclude>
    <ClInclude Include="Components.h">
      <Filter>Header Files</Filter>
    </ClInclude>
    <ClInclude Include="EntityDrawer.hpp">
      <Filter>Header Files</Filter>
    </ClInclude>
    <ClInclude Include="AnimationSystem.hpp">
      <Filter>Header Files</Filter>
    </ClInclude>
    <ClInclude Include="InputComponent.hpp">
      <Filter>Header Files</Filter>
    </ClInclude>
    <ClInclude Include="InputSystem.hpp">
      <Filter>Header Files</Filter>
    </ClInclude>
    <ClInclude Include="Systems.h">
      <Filter>Header Files</Filter>
    </ClInclude>
    <ClInclude Include="Scripts.hpp">
      <Filter>Header Files</Filter>
    </ClInclude>
    <ClInclude Include="System.hpp">
      <Filter>Header Files</Filter>
    </ClInclude>
    <ClInclude Include="CollisionComponent.hpp">
      <Filter>Header Files</Filter>
    </ClInclude>
    <ClInclude Include="CollisionSystem.hpp">
      <Filter>Header Files</Filter>
    </ClInclude>
    <ClInclude Include="BehaviourComponent.hpp">
      <Filter>Header Files</Filter>
    </ClInclude>
    <ClInclude Include="BehaviourSystem.hpp">
      <Filter>Header Files</Filter>
    </ClInclude>
    <ClInclude Include="SpaceShip.hpp">
      <Filter>Entities\SpaceShipPlayer</Filter>
    </ClInclude>
    <ClInclude Include="UsedEntities.h">
      <Filter>Entities</Filter>
    </ClInclude>
    <ClInclude Include="UsedScripts.h">
      <Filter>Scripts</Filter>
    </ClInclude>
    <ClInclude Include="BasicAnimationScripts.hpp">
      <Filter>Scripts\Animation</Filter>
    </ClInclude>
    <ClInclude Include="BasicInputScripts.hpp">
      <Filter>Scripts\Input</Filter>
    </ClInclude>
    <ClInclude Include="PhysicsComponent.hpp">
      <Filter>Header Files</Filter>
    </ClInclude>
    <ClInclude Include="PhysicsSystem.hpp">
      <Filter>Header Files</Filter>
    </ClInclude>
    <ClInclude Include="PlayerProjectile.hpp">
      <Filter>Entities\ProjectilePlayer</Filter>
    </ClInclude>
    <ClInclude Include="SpriteComponentAdvanced.hpp">
      <Filter>Header Files</Filter>
    </ClInclude>
    <ClInclude Include="EnemyTest.hpp">
      <Filter>Entities\Enemy1</Filter>
    </ClInclude>
  </ItemGroup>
  <ItemGroup>
    <Image Include="..\..\res\assets\used\Blue_Nebula_07-1024x1024.png">
      <Filter>Resource Files\space assets\background</Filter>
    </Image>
    <Image Include="..\..\res\assets\used\Main Ship - Engines - Base Engine - Idle.png">
      <Filter>Resource Files\space assets\space ship\idle</Filter>
    </Image>
    <Image Include="..\..\res\assets\used\Blue_Nebula_02-1024x1024.png">
      <Filter>Resource Files\space assets\background</Filter>
    </Image>
    <Image Include="..\..\res\assets\used\edited\base.png">
      <Filter>Resource Files\space assets\space ship</Filter>
    </Image>
    <Image Include="..\..\res\assets\used\Main ship weapon - Projectile - Rocket.png">
      <Filter>Resource Files\space assets\space ship\projectile</Filter>
    </Image>
    <Image Include="..\..\res\assets\used\Kla%27ed - Battlecruiser - Base.png">
      <Filter>Resource Files\space assets\enemy1</Filter>
    </Image>
    <Image Include="..\..\res\assets\used\Kla%27ed - Battlecruiser - Engine12.png">
      <Filter>Resource Files\space assets\enemy1</Filter>
    </Image>
  </ItemGroup>
  <ItemGroup>
    <Text Include="script.txt">
      <Filter>Resource Files\dep</Filter>
    </Text>
  </ItemGroup>
</Project>